<?xml version="1.0" encoding="utf-8"?>
<Project ToolsVersion="4.0" xmlns="http://schemas.microsoft.com/developer/msbuild/2003">
  <ItemGroup>
    <Filter Include="Source Files">
      <UniqueIdentifier>{4FC737F1-C7A5-4376-A066-2A32D752A2FF}</UniqueIdentifier>
      <Extensions>cpp;c;cc;cxx;def;odl;idl;hpj;bat;asm;asmx</Extensions>
    </Filter>
    <Filter Include="Header Files">
      <UniqueIdentifier>{93995380-89BD-4b04-88EB-625FBE52EBFB}</UniqueIdentifier>
      <Extensions>h;hh;hpp;hxx;hm;inl;inc;xsd</Extensions>
    </Filter>
    <Filter Include="Objects">
      <UniqueIdentifier>{bf3c1421-3d3a-4c41-a09e-253bf176b26a}</UniqueIdentifier>
    </Filter>
    <Filter Include="Mario">
      <UniqueIdentifier>{088cc627-2b2a-4bcd-b141-0edc3aa09fe8}</UniqueIdentifier>
    </Filter>
    <Filter Include="Enemies">
      <UniqueIdentifier>{bc890dab-54f6-42a8-9e0f-73eca7602c6e}</UniqueIdentifier>
    </Filter>
    <Filter Include="Space Partitioning">
      <UniqueIdentifier>{5bdf11c6-09fa-4456-ae86-b7021fcf82b9}</UniqueIdentifier>
    </Filter>
    <Filter Include="UI">
      <UniqueIdentifier>{e5a13de7-5c3f-4de7-9231-58b11a76c1b3}</UniqueIdentifier>
    </Filter>
    <Filter Include="Scenes">
      <UniqueIdentifier>{4f3627d1-3a76-489e-9433-f75275f9261d}</UniqueIdentifier>
    </Filter>
  </ItemGroup>
  <ItemGroup>
    <ClCompile Include="Game.cpp">
      <Filter>Source Files</Filter>
    </ClCompile>
    <ClCompile Include="GameObject.cpp">
      <Filter>Source Files</Filter>
    </ClCompile>
    <ClCompile Include="main.cpp">
      <Filter>Source Files</Filter>
    </ClCompile>
    <ClCompile Include="Sprites.cpp">
      <Filter>Source Files</Filter>
    </ClCompile>
    <ClCompile Include="Textures.cpp">
      <Filter>Source Files</Filter>
    </ClCompile>
    <ClCompile Include="Animations.cpp">
      <Filter>Source Files</Filter>
    </ClCompile>
    <ClCompile Include="Utils.cpp">
      <Filter>Source Files</Filter>
    </ClCompile>
    <ClCompile Include="TileMap.cpp">
      <Filter>Source Files</Filter>
    </ClCompile>
    <ClCompile Include="Brick.cpp">
      <Filter>Objects</Filter>
    </ClCompile>
    <ClCompile Include="Mario.cpp">
      <Filter>Mario</Filter>
    </ClCompile>
    <ClCompile Include="Goomba.cpp">
      <Filter>Enemies</Filter>
    </ClCompile>
    <ClCompile Include="Koopas.cpp">
      <Filter>Enemies</Filter>
    </ClCompile>
    <ClCompile Include="Ground.cpp">
      <Filter>Objects</Filter>
    </ClCompile>
    <ClCompile Include="Portal.cpp">
      <Filter>Objects</Filter>
    </ClCompile>
    <ClCompile Include="Items.cpp">
      <Filter>Objects</Filter>
    </ClCompile>
    <ClCompile Include="Tail.cpp">
      <Filter>Mario</Filter>
    </ClCompile>
    <ClCompile Include="BrickPiece.cpp">
      <Filter>Objects</Filter>
    </ClCompile>
    <ClCompile Include="Grid.cpp">
      <Filter>Space Partitioning</Filter>
    </ClCompile>
    <ClCompile Include="Cell.cpp">
      <Filter>Space Partitioning</Filter>
    </ClCompile>
    <ClCompile Include="Effect.cpp">
      <Filter>UI</Filter>
    </ClCompile>
    <ClCompile Include="HUD.cpp">
      <Filter>UI</Filter>
    </ClCompile>
    <ClCompile Include="Enemy.cpp">
      <Filter>Source Files</Filter>
    </ClCompile>
    <ClCompile Include="Venus.cpp">
      <Filter>Enemies</Filter>
    </ClCompile>
    <ClCompile Include="Pipe.cpp">
      <Filter>Objects</Filter>
    </ClCompile>
    <ClCompile Include="FireBall.cpp">
      <Filter>Objects</Filter>
    </ClCompile>
    <ClCompile Include="PlayScence.cpp">
      <Filter>Scenes</Filter>
    </ClCompile>
    <ClCompile Include="Scence.cpp">
      <Filter>Scenes</Filter>
    </ClCompile>
    <ClCompile Include="WorldMapScene.cpp">
      <Filter>Scenes</Filter>
    </ClCompile>
    <ClCompile Include="MarioWorldMap.cpp">
      <Filter>Mario</Filter>
    </ClCompile>
    <ClCompile Include="CheckPoint.cpp">
      <Filter>Objects</Filter>
    </ClCompile>
    <ClCompile Include="Grass.cpp">
      <Filter>Objects</Filter>
    </ClCompile>
    <ClCompile Include="EndPoint.cpp">
      <Filter>Objects</Filter>
    </ClCompile>
    <ClCompile Include="EndTitle.cpp">
      <Filter>Source Files</Filter>
    </ClCompile>
    <ClCompile Include="Turtle.cpp">
      <Filter>Objects</Filter>
    </ClCompile>
    <ClCompile Include="PlayCard.cpp">
      <Filter>Objects</Filter>
    </ClCompile>
    <ClCompile Include="EndSceneTitle.cpp">
      <Filter>Objects</Filter>
    </ClCompile>
    <ClCompile Include="IntroScene.cpp">
      <Filter>Scenes</Filter>
    </ClCompile>
    <ClCompile Include="Arrow.cpp">
      <Filter>Mario</Filter>
    </ClCompile>
    <ClCompile Include="ScrollStage.cpp">
      <Filter>Objects</Filter>
    </ClCompile>
    <ClCompile Include="MovingWood.cpp">
      <Filter>Objects</Filter>
    </ClCompile>
    <ClCompile Include="BoomerangBro.cpp">
      <Filter>Enemies</Filter>
    </ClCompile>
    <ClCompile Include="Boomerang.cpp">
      <Filter>Source Files</Filter>
    </ClCompile>
  </ItemGroup>
  <ItemGroup>
    <ClInclude Include="Game.h">
      <Filter>Header Files</Filter>
    </ClInclude>
    <ClInclude Include="GameObject.h">
      <Filter>Header Files</Filter>
    </ClInclude>
    <ClInclude Include="Sprites.h">
      <Filter>Header Files</Filter>
    </ClInclude>
    <ClInclude Include="Textures.h">
      <Filter>Header Files</Filter>
    </ClInclude>
    <ClInclude Include="Animations.h">
      <Filter>Header Files</Filter>
    </ClInclude>
    <ClInclude Include="KeyEventHandler.h">
      <Filter>Header Files</Filter>
    </ClInclude>
    <ClInclude Include="Utils.h">
      <Filter>Header Files</Filter>
    </ClInclude>
    <ClInclude Include="TileMap.h">
      <Filter>Header Files</Filter>
    </ClInclude>
    <ClInclude Include="Mario.h">
      <Filter>Mario</Filter>
    </ClInclude>
    <ClInclude Include="Goomba.h">
      <Filter>Enemies</Filter>
    </ClInclude>
    <ClInclude Include="Koopas.h">
      <Filter>Enemies</Filter>
    </ClInclude>
    <ClInclude Include="Ground.h">
      <Filter>Objects</Filter>
    </ClInclude>
    <ClInclude Include="Portal.h">
      <Filter>Objects</Filter>
    </ClInclude>
    <ClInclude Include="Items.h">
      <Filter>Objects</Filter>
    </ClInclude>
    <ClInclude Include="Tail.h">
      <Filter>Mario</Filter>
    </ClInclude>
    <ClInclude Include="Brick.h">
      <Filter>Objects</Filter>
    </ClInclude>
    <ClInclude Include="BrickPiece.h">
      <Filter>Objects</Filter>
    </ClInclude>
    <ClInclude Include="Grid.h">
      <Filter>Space Partitioning</Filter>
    </ClInclude>
    <ClInclude Include="Cell.h">
      <Filter>Space Partitioning</Filter>
    </ClInclude>
    <ClInclude Include="Effect.h">
      <Filter>UI</Filter>
    </ClInclude>
    <ClInclude Include="HUD.h">
      <Filter>UI</Filter>
    </ClInclude>
    <ClInclude Include="Enemy.h">
      <Filter>Header Files</Filter>
    </ClInclude>
    <ClInclude Include="Venus.h">
      <Filter>Enemies</Filter>
    </ClInclude>
    <ClInclude Include="Pipe.h">
      <Filter>Objects</Filter>
    </ClInclude>
    <ClInclude Include="FireBall.h">
      <Filter>Objects</Filter>
    </ClInclude>
    <ClInclude Include="WorldMapScene.h">
      <Filter>Scenes</Filter>
    </ClInclude>
    <ClInclude Include="Scence.h">
      <Filter>Scenes</Filter>
    </ClInclude>
    <ClInclude Include="PlayScence.h">
      <Filter>Scenes</Filter>
    </ClInclude>
    <ClInclude Include="MarioWorldMap.h">
      <Filter>Mario</Filter>
    </ClInclude>
    <ClInclude Include="CheckPoint.h">
      <Filter>Objects</Filter>
    </ClInclude>
    <ClInclude Include="Grass.h">
      <Filter>Objects</Filter>
    </ClInclude>
    <ClInclude Include="EndPoint.h">
      <Filter>Objects</Filter>
    </ClInclude>
    <ClInclude Include="EndTitle.h">
      <Filter>Header Files</Filter>
    </ClInclude>
    <ClInclude Include="Turtle.h">
      <Filter>Objects</Filter>
    </ClInclude>
    <ClInclude Include="PlayCard.h">
      <Filter>Objects</Filter>
    </ClInclude>
    <ClInclude Include="EndSceneTitle.h">
      <Filter>Objects</Filter>
    </ClInclude>
    <ClInclude Include="IntroScene.h">
      <Filter>Scenes</Filter>
    </ClInclude>
    <ClInclude Include="Arrow.h">
      <Filter>Mario</Filter>
    </ClInclude>
    <ClInclude Include="ScrollStage.h">
      <Filter>Objects</Filter>
    </ClInclude>
    <ClInclude Include="MovingWood.h">
      <Filter>Objects</Filter>
    </ClInclude>
    <ClInclude Include="BoomerangBro.h">
      <Filter>Enemies</Filter>
    </ClInclude>
    <ClInclude Include="Boomerang.h">
      <Filter>Header Files</Filter>
    </ClInclude>
  </ItemGroup>
</Project>